
Microsoft Visual Studio Solution File, Format Version 12.00
# Visual Studio Version 17
VisualStudioVersion = 17.3.32929.385
MinimumVisualStudioVersion = 10.0.40219.1
Project("{FAE04EC0-301F-11D3-BF4B-00C04F79EFBC}") = "Election_Program_Project", "Election_Program_Project.csproj", "{7B3ECC18-0201-4475-861C-AFF580EB7E47}"
EndProject
Global
	GlobalSection(SolutionConfigurationPlatforms) = preSolution
		Debug|Any CPU = Debug|Any CPU
		Release|Any CPU = Release|Any CPU
	EndGlobalSection
	GlobalSection(ProjectConfigurationPlatforms) = postSolution
		{7B3ECC18-0201-4475-861C-AFF580EB7E47}.Debug|Any CPU.ActiveCfg = Debug|Any CPU
		{7B3ECC18-0201-4475-861C-AFF580EB7E47}.Debug|Any CPU.Build.0 = Debug|Any CPU
		{7B3ECC18-0201-4475-861C-AFF580EB7E47}.Release|Any CPU.ActiveCfg = Release|Any CPU
		{7B3ECC18-0201-4475-861C-AFF580EB7E47}.Release|Any CPU.Build.0 = Release|Any CPU
	EndGlobalSection
	GlobalSection(SolutionProperties) = preSolution
		HideSolutionNode = FALSE
	EndGlobalSection
	GlobalSection(ExtensibilityGlobals) = postSolution
		SolutionGuid = {C32548BD-DA63-4325-9F50-63C629319B59}
	EndGlobalSection
EndGlobal
